
Microsoft Visual Studio Solution File, Format Version 12.00
# Visual Studio Version 17
VisualStudioVersion = 17.0.31521.260
MinimumVisualStudioVersion = 10.0.40219.1
Project("{2150E333-8FDC-42A3-9474-1A3956D46DE8}") = "API", "API", "{634EFDA1-BFDF-4847-BB9C-2B3BAFC00506}"
EndProject
Project("{9A19103F-16F7-4668-BE54-9A1E7A4F7556}") = "Books.API", "API\Books.API\Books.API.csproj", "{C0C330E0-2593-4F3E-8611-D6A4209D53BB}"
EndProject
Project("{2150E333-8FDC-42A3-9474-1A3956D46DE8}") = "Client", "Client", "{28F92B6D-D515-48BF-B46A-66706C8F41F5}"
EndProject
Project("{E24C65DC-7377-472B-9ABA-BC803B73C61A}") = "Client", "Client\", "{EC5BDDB0-4F36-463E-8CF7-E58D7F1CCA5D}"
	ProjectSection(WebsiteProperties) = preProject
		TargetFrameworkMoniker = ".NETFramework,Version%3Dv4.5"
		Debug.AspNetCompiler.VirtualPath = "/localhost_20613"
		Debug.AspNetCompiler.PhysicalPath = "Client\"
		Debug.AspNetCompiler.TargetPath = "PrecompiledWeb\localhost_20613\"
		Debug.AspNetCompiler.Updateable = "true"
		Debug.AspNetCompiler.ForceOverwrite = "true"
		Debug.AspNetCompiler.FixedNames = "false"
		Debug.AspNetCompiler.Debug = "True"
		Release.AspNetCompiler.VirtualPath = "/localhost_20613"
		Release.AspNetCompiler.PhysicalPath = "Client\"
		Release.AspNetCompiler.TargetPath = "PrecompiledWeb\localhost_20613\"
		Release.AspNetCompiler.Updateable = "true"
		Release.AspNetCompiler.ForceOverwrite = "true"
		Release.AspNetCompiler.FixedNames = "false"
		Release.AspNetCompiler.Debug = "False"
		VWDPort = "20613"
		SlnRelativePath = "Client\"
	EndProjectSection
EndProject
Project("{2150E333-8FDC-42A3-9474-1A3956D46DE8}") = "Domain", "Domain", "{D04CC50F-125B-467E-8D6D-8F5025D0F28D}"
EndProject
Project("{9A19103F-16F7-4668-BE54-9A1E7A4F7556}") = "Books.Domain.Core", "API\Domain\Books.Domain.Core\Books.Domain.Core.csproj", "{E92242ED-BE7A-41AC-8363-3BE69E39BC05}"
EndProject
Project("{9A19103F-16F7-4668-BE54-9A1E7A4F7556}") = "Books.Domain.Interfaces", "API\Domain\Books.Domain.Interfaces\Books.Domain.Interfaces.csproj", "{C8C28531-EF1D-4643-9049-AA65699130EC}"
EndProject
Project("{2150E333-8FDC-42A3-9474-1A3956D46DE8}") = "Services", "Services", "{F74F4507-4D9C-4BFC-823D-B58A4C471ABE}"
EndProject
Project("{9A19103F-16F7-4668-BE54-9A1E7A4F7556}") = "Books.Services.Interfaces", "API\Services\Books.Services.Interfaces\Books.Services.Interfaces.csproj", "{810BCA65-7CD8-4E79-A5A3-287A1B29063D}"
EndProject
Project("{2150E333-8FDC-42A3-9474-1A3956D46DE8}") = "Infrastructure", "Infrastructure", "{4E86AE04-703E-4C02-B06E-B206F9FE6F81}"
EndProject
Project("{9A19103F-16F7-4668-BE54-9A1E7A4F7556}") = "Books.Infrastructure.Data", "API\Infrastructure\Books.Infrastructure.Data\Books.Infrastructure.Data.csproj", "{8AF95857-BCA7-416A-BB99-C7F428C314AF}"
EndProject
Project("{9A19103F-16F7-4668-BE54-9A1E7A4F7556}") = "Books.Infrastructure.Business", "API\Infrastructure\Books.Infrastructure.Business\Books.Infrastructure.Business.csproj", "{D95AC10D-8A9B-4AD8-9CF0-7045DC79ED1B}"
EndProject
Global
	GlobalSection(SolutionConfigurationPlatforms) = preSolution
		Debug|Any CPU = Debug|Any CPU
		Release|Any CPU = Release|Any CPU
	EndGlobalSection
	GlobalSection(ProjectConfigurationPlatforms) = postSolution
		{C0C330E0-2593-4F3E-8611-D6A4209D53BB}.Debug|Any CPU.ActiveCfg = Debug|Any CPU
		{C0C330E0-2593-4F3E-8611-D6A4209D53BB}.Debug|Any CPU.Build.0 = Debug|Any CPU
		{C0C330E0-2593-4F3E-8611-D6A4209D53BB}.Release|Any CPU.ActiveCfg = Release|Any CPU
		{C0C330E0-2593-4F3E-8611-D6A4209D53BB}.Release|Any CPU.Build.0 = Release|Any CPU
		{EC5BDDB0-4F36-463E-8CF7-E58D7F1CCA5D}.Debug|Any CPU.ActiveCfg = Debug|Any CPU
		{EC5BDDB0-4F36-463E-8CF7-E58D7F1CCA5D}.Debug|Any CPU.Build.0 = Debug|Any CPU
		{EC5BDDB0-4F36-463E-8CF7-E58D7F1CCA5D}.Release|Any CPU.ActiveCfg = Debug|Any CPU
		{EC5BDDB0-4F36-463E-8CF7-E58D7F1CCA5D}.Release|Any CPU.Build.0 = Debug|Any CPU
		{E92242ED-BE7A-41AC-8363-3BE69E39BC05}.Debug|Any CPU.ActiveCfg = Debug|Any CPU
		{E92242ED-BE7A-41AC-8363-3BE69E39BC05}.Debug|Any CPU.Build.0 = Debug|Any CPU
		{E92242ED-BE7A-41AC-8363-3BE69E39BC05}.Release|Any CPU.ActiveCfg = Release|Any CPU
		{E92242ED-BE7A-41AC-8363-3BE69E39BC05}.Release|Any CPU.Build.0 = Release|Any CPU
		{C8C28531-EF1D-4643-9049-AA65699130EC}.Debug|Any CPU.ActiveCfg = Debug|Any CPU
		{C8C28531-EF1D-4643-9049-AA65699130EC}.Debug|Any CPU.Build.0 = Debug|Any CPU
		{C8C28531-EF1D-4643-9049-AA65699130EC}.Release|Any CPU.ActiveCfg = Release|Any CPU
		{C8C28531-EF1D-4643-9049-AA65699130EC}.Release|Any CPU.Build.0 = Release|Any CPU
		{810BCA65-7CD8-4E79-A5A3-287A1B29063D}.Debug|Any CPU.ActiveCfg = Debug|Any CPU
		{810BCA65-7CD8-4E79-A5A3-287A1B29063D}.Debug|Any CPU.Build.0 = Debug|Any CPU
		{810BCA65-7CD8-4E79-A5A3-287A1B29063D}.Release|Any CPU.ActiveCfg = Release|Any CPU
		{810BCA65-7CD8-4E79-A5A3-287A1B29063D}.Release|Any CPU.Build.0 = Release|Any CPU
		{8AF95857-BCA7-416A-BB99-C7F428C314AF}.Debug|Any CPU.ActiveCfg = Debug|Any CPU
		{8AF95857-BCA7-416A-BB99-C7F428C314AF}.Debug|Any CPU.Build.0 = Debug|Any CPU
		{8AF95857-BCA7-416A-BB99-C7F428C314AF}.Release|Any CPU.ActiveCfg = Release|Any CPU
		{8AF95857-BCA7-416A-BB99-C7F428C314AF}.Release|Any CPU.Build.0 = Release|Any CPU
		{D95AC10D-8A9B-4AD8-9CF0-7045DC79ED1B}.Debug|Any CPU.ActiveCfg = Debug|Any CPU
		{D95AC10D-8A9B-4AD8-9CF0-7045DC79ED1B}.Debug|Any CPU.Build.0 = Debug|Any CPU
		{D95AC10D-8A9B-4AD8-9CF0-7045DC79ED1B}.Release|Any CPU.ActiveCfg = Release|Any CPU
		{D95AC10D-8A9B-4AD8-9CF0-7045DC79ED1B}.Release|Any CPU.Build.0 = Release|Any CPU
	EndGlobalSection
	GlobalSection(SolutionProperties) = preSolution
		HideSolutionNode = FALSE
	EndGlobalSection
	GlobalSection(NestedProjects) = preSolution
		{C0C330E0-2593-4F3E-8611-D6A4209D53BB} = {634EFDA1-BFDF-4847-BB9C-2B3BAFC00506}
		{EC5BDDB0-4F36-463E-8CF7-E58D7F1CCA5D} = {28F92B6D-D515-48BF-B46A-66706C8F41F5}
		{D04CC50F-125B-467E-8D6D-8F5025D0F28D} = {634EFDA1-BFDF-4847-BB9C-2B3BAFC00506}
		{E92242ED-BE7A-41AC-8363-3BE69E39BC05} = {D04CC50F-125B-467E-8D6D-8F5025D0F28D}
		{C8C28531-EF1D-4643-9049-AA65699130EC} = {D04CC50F-125B-467E-8D6D-8F5025D0F28D}
		{F74F4507-4D9C-4BFC-823D-B58A4C471ABE} = {634EFDA1-BFDF-4847-BB9C-2B3BAFC00506}
		{810BCA65-7CD8-4E79-A5A3-287A1B29063D} = {F74F4507-4D9C-4BFC-823D-B58A4C471ABE}
		{4E86AE04-703E-4C02-B06E-B206F9FE6F81} = {634EFDA1-BFDF-4847-BB9C-2B3BAFC00506}
		{8AF95857-BCA7-416A-BB99-C7F428C314AF} = {4E86AE04-703E-4C02-B06E-B206F9FE6F81}
		{D95AC10D-8A9B-4AD8-9CF0-7045DC79ED1B} = {4E86AE04-703E-4C02-B06E-B206F9FE6F81}
	EndGlobalSection
	GlobalSection(ExtensibilityGlobals) = postSolution
		SolutionGuid = {A861D4B1-7E36-49F5-BA75-82E514597A01}
	EndGlobalSection
EndGlobal
